{
  "version": 4,
  "terraform_version": "0.12.25",
  "serial": 44,
  "lineage": "edf4cda7-d020-ac23-be71-fb7751fbb7cc",
  "outputs": {
    "cluster_ednpoint": {
      "value": "https://A5A32BA2294771E05D92BA67C968B55F.gr7.eu-west-1.eks.amazonaws.com",
      "type": "string"
    },
    "kubeconfig": {
      "value": "apiVersion: v1\nclusters:\n- cluster:\n    server: \"https://A5A32BA2294771E05D92BA67C968B55F.gr7.eu-west-1.eks.amazonaws.com\"\n    certificate-authority-data: \"LS0tLS1CRUdJTiBDRVJUSUZJQ0FURS0tLS0tCk1JSUN5RENDQWJDZ0F3SUJBZ0lCQURBTkJna3Foa2lHOXcwQkFRc0ZBREFWTVJNd0VRWURWUVFERXdwcmRXSmwKY201bGRHVnpNQjRYRFRJd01Ea3pNREUxTVRnME1Wb1hEVE13TURreU9ERTFNVGcwTVZvd0ZURVRNQkVHQTFVRQpBeE1LYTNWaVpYSnVaWFJsY3pDQ0FTSXdEUVlKS29aSWh2Y05BUUVCQlFBRGdnRVBBRENDQVFvQ2dnRUJBS2lJClpoWGRMUEUzUXFGam5JMFBKMWxLeXdTK3h5eG1mMlpHZ3RieCtqQW1aSXpsalhDc00wLyswMGh3VHZFZHJ1T2IKaGFYTHhKSG9TSFlObWlZdXFxYm96RXhBVTBtQ0xnUGpkbEkwK1A4eEZ6TE41eENyZDBVeTJBYjFoRFR1SEh6eAo4QkxiMzJFbUErNTQrMys4alVwWXphQVhucTVnWVcyUDlTa3h4VXI5eGVxbzBuK2liTlpYSjZiYUo2SW12WFpyCjU0WENaWGFjU1VWRXFIczJQQ3ZjdjB3a1lZajBtcXMvSUt0U0ZCNGl2MmtablU1Z3FTVlNpZFQvT21kbzZFb2wKZG1LOEpUa1dVcEhxY0U0cHR0VlFwU3NlQkZnWWZBU1pkVXJDK0thNEFiNXIyWUI4VG0rZVJIdlBtNnVZSmJtegpTMFpUS3lWdzlCSXVwSFBvWWg4Q0F3RUFBYU1qTUNFd0RnWURWUjBQQVFIL0JBUURBZ0trTUE4R0ExVWRFd0VCCi93UUZNQU1CQWY4d0RRWUpLb1pJaHZjTkFRRUxCUUFEZ2dFQkFEUFB2cXBKZUNVR3lLaFNDcURqZHBQT04zMVIKNFpOb0U5SjYySnhJcXE5Ky9kODVKWVBoSmN0M0U0S1pxa2tvcCtCOW9DaHEwaWdRcEp2bEtVSVIyMWJwUzRUMQppOGQxaThvdXZCdWxSMnYxcU9Xc0QvVDkvSUdDUFc3NG8rNFN6WVZuRVNjWUZwaGVHWE1KdHRwby9UL2xBb2NvCkd6WFNMZWR5MlB1VXpvTFQrQytnelVNVk5PdW8wa3g0L1pYNG5ZL2UrN1pXWDJCK216clJWTWZEL203NlZ5eGUKbHFkM1hienZENThFcUtPdGlWV1pTSXVYRE9nZmFXZXhSTnRHMGRXRnp0UzB3SFl2SzlUNXhxUFM0djAwWG4rTQpsT0J2ZkRORGZzdSs4N3o4UmMzUCt3YkJxTHJXTXg1c25jTnRtMGZXZGc5U0ZoYkNOQldwRCttc3dmTT0KLS0tLS1FTkQgQ0VSVElGSUNBVEUtLS0tLQo=\"\n  name: kubernetes\ncontexts:\n- context:\n    cluster: kubernetes\n    user: aws\n  name: aws\ncurrent-context: aws\nkind: Config\npreferences: {}\nusers:\n- name: aws\n  user:\n    exec:\n      apiVersion: client.authentication.k8s.io/v1alpha1\n      command: aws-iam-authenticator\n      args:\n        - \"token\"\n        - \"-i\"\n        - \"test\"\n",
      "type": "string"
    },
    "oidc_arn": {
      "value": "arn:aws:iam::567320100185:oidc-provider/oidc.eks.eu-west-1.amazonaws.com/id/A5A32BA2294771E05D92BA67C968B55F",
      "type": "string"
    },
    "oidc_url": {
      "value": "oidc.eks.eu-west-1.amazonaws.com/id/A5A32BA2294771E05D92BA67C968B55F",
      "type": "string"
    }
  },
  "resources": [
    {
      "module": "module.kubernetes.module.eks-subnets",
      "mode": "data",
      "type": "aws_availability_zones",
      "name": "available",
      "provider": "provider.aws",
      "instances": [
        {
          "schema_version": 0,
          "attributes": {
            "all_availability_zones": null,
            "exclude_names": null,
            "exclude_zone_ids": null,
            "filter": null,
            "group_names": [
              "eu-west-1"
            ],
            "id": "2020-09-30 15:35:05.854817 +0000 UTC",
            "names": [
              "eu-west-1a",
              "eu-west-1b",
              "eu-west-1c"
            ],
            "state": null,
            "zone_ids": [
              "euw1-az3",
              "euw1-az1",
              "euw1-az2"
            ]
          }
        }
      ]
    },
    {
      "module": "module.kubernetes.module.eks-cluster",
      "mode": "data",
      "type": "aws_iam_policy",
      "name": "AmazonEKSClusterPolicy",
      "provider": "provider.aws",
      "instances": [
        {
          "schema_version": 0,
          "attributes": {
            "arn": "arn:aws:iam::aws:policy/AmazonEKSClusterPolicy",
            "description": "This policy provides Kubernetes the permissions it requires to manage resources on your behalf. Kubernetes requires Ec2:CreateTags permissions to place identifying information on EC2 resources including but not limited to Instances, Security Groups, and Elastic Network Interfaces. ",
            "id": "arn:aws:iam::aws:policy/AmazonEKSClusterPolicy",
            "name": "AmazonEKSClusterPolicy",
            "path": "/",
            "policy": "{\n   \"Version\": \"2012-10-17\",\n   \"Statement\": [\n     {\n       \"Effect\": \"Allow\",\n       \"Action\": [\n         \"autoscaling:DescribeAutoScalingGroups\",\n         \"autoscaling:UpdateAutoScalingGroup\",\n         \"ec2:AttachVolume\",\n         \"ec2:AuthorizeSecurityGroupIngress\",\n         \"ec2:CreateRoute\",\n         \"ec2:CreateSecurityGroup\",\n         \"ec2:CreateTags\",\n         \"ec2:CreateVolume\",\n         \"ec2:DeleteRoute\",\n         \"ec2:DeleteSecurityGroup\",\n         \"ec2:DeleteVolume\",\n         \"ec2:DescribeInstances\",\n         \"ec2:DescribeRouteTables\",\n         \"ec2:DescribeSecurityGroups\",\n         \"ec2:DescribeSubnets\",\n         \"ec2:DescribeVolumes\",\n         \"ec2:DescribeVolumesModifications\",\n         \"ec2:DescribeVpcs\",\n         \"ec2:DescribeDhcpOptions\",\n         \"ec2:DescribeNetworkInterfaces\",\n         \"ec2:DetachVolume\",\n         \"ec2:ModifyInstanceAttribute\",\n         \"ec2:ModifyVolume\",\n         \"ec2:RevokeSecurityGroupIngress\",\n         \"elasticloadbalancing:AddTags\",\n         \"elasticloadbalancing:ApplySecurityGroupsToLoadBalancer\",\n         \"elasticloadbalancing:AttachLoadBalancerToSubnets\",\n         \"elasticloadbalancing:ConfigureHealthCheck\",\n         \"elasticloadbalancing:CreateListener\",\n         \"elasticloadbalancing:CreateLoadBalancer\",\n         \"elasticloadbalancing:CreateLoadBalancerListeners\",\n         \"elasticloadbalancing:CreateLoadBalancerPolicy\",\n         \"elasticloadbalancing:CreateTargetGroup\",\n         \"elasticloadbalancing:DeleteListener\",\n         \"elasticloadbalancing:DeleteLoadBalancer\",\n         \"elasticloadbalancing:DeleteLoadBalancerListeners\",\n         \"elasticloadbalancing:DeleteTargetGroup\",\n         \"elasticloadbalancing:DeregisterInstancesFromLoadBalancer\",\n         \"elasticloadbalancing:DeregisterTargets\",\n         \"elasticloadbalancing:DescribeListeners\",\n         \"elasticloadbalancing:DescribeLoadBalancerAttributes\",\n         \"elasticloadbalancing:DescribeLoadBalancerPolicies\",\n         \"elasticloadbalancing:DescribeLoadBalancers\",\n         \"elasticloadbalancing:DescribeTargetGroupAttributes\",\n         \"elasticloadbalancing:DescribeTargetGroups\",\n         \"elasticloadbalancing:DescribeTargetHealth\",\n         \"elasticloadbalancing:DetachLoadBalancerFromSubnets\",\n         \"elasticloadbalancing:ModifyListener\",\n         \"elasticloadbalancing:ModifyLoadBalancerAttributes\",\n         \"elasticloadbalancing:ModifyTargetGroup\",\n         \"elasticloadbalancing:ModifyTargetGroupAttributes\",\n         \"elasticloadbalancing:RegisterInstancesWithLoadBalancer\",\n         \"elasticloadbalancing:RegisterTargets\",\n         \"elasticloadbalancing:SetLoadBalancerPoliciesForBackendServer\",\n         \"elasticloadbalancing:SetLoadBalancerPoliciesOfListener\",\n         \"kms:DescribeKey\"\n       ],\n       \"Resource\": \"*\"\n     },\n     {\n       \"Effect\": \"Allow\",\n       \"Action\": \"iam:CreateServiceLinkedRole\",\n       \"Resource\": \"*\",\n       \"Condition\": {\n         \"StringLike\": {\n           \"iam:AWSServiceName\": \"elasticloadbalancing.amazonaws.com\"\n         }\n       }\n     }\n   ]\n }"
          }
        }
      ]
    },
    {
      "module": "module.kubernetes.module.eks-cluster",
      "mode": "data",
      "type": "aws_iam_policy",
      "name": "AmazonEKSServicePolicy",
      "provider": "provider.aws",
      "instances": [
        {
          "schema_version": 0,
          "attributes": {
            "arn": "arn:aws:iam::aws:policy/AmazonEKSServicePolicy",
            "description": "This policy allows Amazon Elastic Container Service for Kubernetes to create and manage the necessary resources to operate EKS Clusters.",
            "id": "arn:aws:iam::aws:policy/AmazonEKSServicePolicy",
            "name": "AmazonEKSServicePolicy",
            "path": "/",
            "policy": "{\n    \"Version\": \"2012-10-17\",\n    \"Statement\": [\n        {\n            \"Effect\": \"Allow\",\n            \"Action\": [\n                \"ec2:CreateNetworkInterface\",\n                \"ec2:CreateNetworkInterfacePermission\",\n                \"ec2:DeleteNetworkInterface\",\n                \"ec2:DescribeInstances\",\n                \"ec2:DescribeNetworkInterfaces\",\n                \"ec2:DetachNetworkInterface\",\n                \"ec2:DescribeSecurityGroups\",\n                \"ec2:DescribeSubnets\",\n                \"ec2:DescribeVpcs\",\n                \"ec2:ModifyNetworkInterfaceAttribute\",\n                \"iam:ListAttachedRolePolicies\",\n                \"eks:UpdateClusterVersion\"\n            ],\n            \"Resource\": \"*\"\n        },\n        {\n            \"Effect\": \"Allow\",\n            \"Action\": [\n                \"ec2:CreateTags\",\n                \"ec2:DeleteTags\"\n            ],\n            \"Resource\": [\n                \"arn:aws:ec2:*:*:vpc/*\",\n                \"arn:aws:ec2:*:*:subnet/*\"\n\n            ]\n        },\n        {\n            \"Effect\": \"Allow\",\n            \"Action\": \"route53:AssociateVPCWithHostedZone\",\n            \"Resource\": \"*\"\n        },\n        {\n            \"Effect\": \"Allow\",\n            \"Action\": \"logs:CreateLogGroup\",\n            \"Resource\": \"*\"\n        },\n        {\n            \"Effect\": \"Allow\",\n            \"Action\": [\n                \"logs:CreateLogStream\",\n                \"logs:DescribeLogStreams\"\n            ],\n            \"Resource\": \"arn:aws:logs:*:*:log-group:/aws/eks/*:*\"\n        },\n        {\n            \"Effect\": \"Allow\",\n            \"Action\": \"logs:PutLogEvents\",\n            \"Resource\": \"arn:aws:logs:*:*:log-group:/aws/eks/*:*:*\"\n        },\n        {\n            \"Effect\": \"Allow\",\n            \"Action\": \"iam:CreateServiceLinkedRole\",\n            \"Resource\": \"*\",\n            \"Condition\": {\n                 \"StringLike\": {\n                     \"iam:AWSServiceName\": \"eks.amazonaws.com\"\n                 }\n            }\n        }\n    ]\n}"
          }
        }
      ]
    },
    {
      "module": "module.kubernetes.module.eks-subnets",
      "mode": "data",
      "type": "aws_internet_gateway",
      "name": "igw",
      "provider": "provider.aws",
      "instances": [
        {
          "schema_version": 0,
          "attributes": {
            "arn": "arn:aws:ec2:eu-west-1:567320100185:internet-gateway/igw-01993a158597af38f",
            "attachments": [
              {
                "state": "available",
                "vpc_id": "vpc-0fa59c4ac2aa02283"
              }
            ],
            "filter": [
              {
                "name": "attachment.vpc-id",
                "values": [
                  "vpc-0fa59c4ac2aa02283"
                ]
              }
            ],
            "id": "igw-01993a158597af38f",
            "internet_gateway_id": "igw-01993a158597af38f",
            "owner_id": "567320100185",
            "tags": {
              "Name": "test"
            }
          }
        }
      ]
    },
    {
      "module": "module.kubernetes.module.eks-cluster",
      "mode": "data",
      "type": "aws_region",
      "name": "current",
      "provider": "provider.aws",
      "instances": [
        {
          "schema_version": 0,
          "attributes": {
            "description": "Europe (Ireland)",
            "endpoint": "ec2.eu-west-1.amazonaws.com",
            "id": "eu-west-1",
            "name": "eu-west-1"
          }
        }
      ]
    },
    {
      "module": "module.kubernetes.module.eks-cluster",
      "mode": "data",
      "type": "external",
      "name": "thumbprint",
      "provider": "provider.external",
      "instances": [
        {
          "schema_version": 0,
          "attributes": {
            "id": "-",
            "program": [
              "../modules/eks-cluster/bin/get_thumbprint.sh",
              "eu-west-1"
            ],
            "query": null,
            "result": {
              "thumbprint": "9e99a48a9960b14926bb7f3b02e22da2b0ab7280"
            },
            "working_dir": null
          }
        }
      ]
    },
    {
      "module": "module.kubernetes.module.eks-cluster",
      "mode": "managed",
      "type": "aws_cloudwatch_log_group",
      "name": "eks_logs",
      "provider": "provider.aws",
      "instances": [
        {
          "schema_version": 0,
          "attributes": {
            "arn": "arn:aws:logs:eu-west-1:567320100185:log-group:/aws/eks/test/cluster",
            "id": "/aws/eks/test/cluster",
            "kms_key_id": "",
            "name": "/aws/eks/test/cluster",
            "name_prefix": null,
            "retention_in_days": 30,
            "tags": {}
          },
          "private": "bnVsbA=="
        }
      ]
    },
    {
      "module": "module.kubernetes.module.eks-subnets",
      "mode": "managed",
      "type": "aws_eip",
      "name": "nat_ips",
      "each": "list",
      "provider": "provider.aws",
      "instances": [
        {
          "index_key": 0,
          "schema_version": 0,
          "attributes": {
            "allocation_id": null,
            "associate_with_private_ip": null,
            "association_id": "eipassoc-01159a8dbfa3a3ed4",
            "customer_owned_ip": "",
            "customer_owned_ipv4_pool": "",
            "domain": "vpc",
            "id": "eipalloc-05a24fff276afea4a",
            "instance": "",
            "network_interface": "eni-0f6757497853ff59e",
            "private_dns": "ip-192-168-13-102.eu-west-1.compute.internal",
            "private_ip": "192.168.13.102",
            "public_dns": "ec2-54-170-66-67.eu-west-1.compute.amazonaws.com",
            "public_ip": "54.170.66.67",
            "public_ipv4_pool": "amazon",
            "tags": {
              "Developed": "Sergii Shapovalenko",
              "Environment": "test",
              "Name": "EKS-NAT-test-eu-west-1a"
            },
            "timeouts": null,
            "vpc": true
          },
          "private": "eyJlMmJmYjczMC1lY2FhLTExZTYtOGY4OC0zNDM2M2JjN2M0YzAiOnsiZGVsZXRlIjoxODAwMDAwMDAwMDAsInJlYWQiOjkwMDAwMDAwMDAwMCwidXBkYXRlIjozMDAwMDAwMDAwMDB9fQ==",
          "dependencies": [
            "module.kubernetes.module.eks-subnets.aws_subnet.public_subnets"
          ]
        }
      ]
    },
    {
      "module": "module.kubernetes.module.eks-cluster",
      "mode": "managed",
      "type": "aws_eks_cluster",
      "name": "this",
      "provider": "provider.aws",
      "instances": [
        {
          "schema_version": 0,
          "attributes": {
            "arn": "arn:aws:eks:eu-west-1:567320100185:cluster/test",
            "certificate_authority": [
              {
                "data": "LS0tLS1CRUdJTiBDRVJUSUZJQ0FURS0tLS0tCk1JSUN5RENDQWJDZ0F3SUJBZ0lCQURBTkJna3Foa2lHOXcwQkFRc0ZBREFWTVJNd0VRWURWUVFERXdwcmRXSmwKY201bGRHVnpNQjRYRFRJd01Ea3pNREUxTVRnME1Wb1hEVE13TURreU9ERTFNVGcwTVZvd0ZURVRNQkVHQTFVRQpBeE1LYTNWaVpYSnVaWFJsY3pDQ0FTSXdEUVlKS29aSWh2Y05BUUVCQlFBRGdnRVBBRENDQVFvQ2dnRUJBS2lJClpoWGRMUEUzUXFGam5JMFBKMWxLeXdTK3h5eG1mMlpHZ3RieCtqQW1aSXpsalhDc00wLyswMGh3VHZFZHJ1T2IKaGFYTHhKSG9TSFlObWlZdXFxYm96RXhBVTBtQ0xnUGpkbEkwK1A4eEZ6TE41eENyZDBVeTJBYjFoRFR1SEh6eAo4QkxiMzJFbUErNTQrMys4alVwWXphQVhucTVnWVcyUDlTa3h4VXI5eGVxbzBuK2liTlpYSjZiYUo2SW12WFpyCjU0WENaWGFjU1VWRXFIczJQQ3ZjdjB3a1lZajBtcXMvSUt0U0ZCNGl2MmtablU1Z3FTVlNpZFQvT21kbzZFb2wKZG1LOEpUa1dVcEhxY0U0cHR0VlFwU3NlQkZnWWZBU1pkVXJDK0thNEFiNXIyWUI4VG0rZVJIdlBtNnVZSmJtegpTMFpUS3lWdzlCSXVwSFBvWWg4Q0F3RUFBYU1qTUNFd0RnWURWUjBQQVFIL0JBUURBZ0trTUE4R0ExVWRFd0VCCi93UUZNQU1CQWY4d0RRWUpLb1pJaHZjTkFRRUxCUUFEZ2dFQkFEUFB2cXBKZUNVR3lLaFNDcURqZHBQT04zMVIKNFpOb0U5SjYySnhJcXE5Ky9kODVKWVBoSmN0M0U0S1pxa2tvcCtCOW9DaHEwaWdRcEp2bEtVSVIyMWJwUzRUMQppOGQxaThvdXZCdWxSMnYxcU9Xc0QvVDkvSUdDUFc3NG8rNFN6WVZuRVNjWUZwaGVHWE1KdHRwby9UL2xBb2NvCkd6WFNMZWR5MlB1VXpvTFQrQytnelVNVk5PdW8wa3g0L1pYNG5ZL2UrN1pXWDJCK216clJWTWZEL203NlZ5eGUKbHFkM1hienZENThFcUtPdGlWV1pTSXVYRE9nZmFXZXhSTnRHMGRXRnp0UzB3SFl2SzlUNXhxUFM0djAwWG4rTQpsT0J2ZkRORGZzdSs4N3o4UmMzUCt3YkJxTHJXTXg1c25jTnRtMGZXZGc5U0ZoYkNOQldwRCttc3dmTT0KLS0tLS1FTkQgQ0VSVElGSUNBVEUtLS0tLQo="
              }
            ],
            "created_at": "2020-09-30 15:11:38.131 +0000 UTC",
            "enabled_cluster_log_types": [],
            "encryption_config": [],
            "endpoint": "https://A5A32BA2294771E05D92BA67C968B55F.gr7.eu-west-1.eks.amazonaws.com",
            "id": "test",
            "identity": [
              {
                "oidc": [
                  {
                    "issuer": "https://oidc.eks.eu-west-1.amazonaws.com/id/A5A32BA2294771E05D92BA67C968B55F"
                  }
                ]
              }
            ],
            "name": "test",
            "platform_version": "eks.3",
            "role_arn": "arn:aws:iam::567320100185:role/test-cluster-role",
            "status": "ACTIVE",
            "tags": {},
            "timeouts": null,
            "version": "1.17",
            "vpc_config": [
              {
                "cluster_security_group_id": "sg-00e90cc7ca38844d1",
                "endpoint_private_access": false,
                "endpoint_public_access": true,
                "public_access_cidrs": [
                  "0.0.0.0/0"
                ],
                "security_group_ids": [],
                "subnet_ids": [
                  "subnet-048ace5ecdffd367b",
                  "subnet-06061a9ed44ea19ec",
                  "subnet-0af9943b7e8647564"
                ],
                "vpc_id": "vpc-0fa59c4ac2aa02283"
              }
            ]
          },
          "private": "eyJlMmJmYjczMC1lY2FhLTExZTYtOGY4OC0zNDM2M2JjN2M0YzAiOnsiY3JlYXRlIjoxODAwMDAwMDAwMDAwLCJkZWxldGUiOjkwMDAwMDAwMDAwMCwidXBkYXRlIjozNjAwMDAwMDAwMDAwfX0=",
          "dependencies": [
            "module.kubernetes.module.eks-cluster.aws_iam_role.eks_cluster_role",
            "module.kubernetes.module.eks-subnets.aws_subnet.private_subnets"
          ]
        }
      ]
    },
    {
      "module": "module.kubernetes.module.eks-nodes",
      "mode": "managed",
      "type": "aws_eks_node_group",
      "name": "this",
      "each": "list",
      "provider": "provider.aws",
      "instances": [
        {
          "index_key": 0,
          "schema_version": 0,
          "attributes": {
            "ami_type": "AL2_x86_64",
            "arn": "arn:aws:eks:eu-west-1:567320100185:nodegroup/test/test-t3-medium/d4ba6fd1-e9e8-cc0b-9103-38bc41d868fe",
            "cluster_name": "test",
            "disk_size": 20,
            "force_update_version": null,
            "id": "test:test-t3-medium",
            "instance_types": [
              "t3.medium"
            ],
            "labels": {},
            "launch_template": [],
            "node_group_name": "test-t3-medium",
            "node_role_arn": "arn:aws:iam::567320100185:role/test-workers",
            "release_version": "1.17.11-20200921",
            "remote_access": [
              {
                "ec2_ssh_key": "cyance-cicd-key",
                "source_security_group_ids": []
              }
            ],
            "resources": [
              {
                "autoscaling_groups": [
                  {
                    "name": "eks-d4ba6fd1-e9e8-cc0b-9103-38bc41d868fe"
                  }
                ],
                "remote_access_security_group_id": "sg-03af250695d9d0626"
              }
            ],
            "scaling_config": [
              {
                "desired_size": 1,
                "max_size": 1,
                "min_size": 1
              }
            ],
            "status": "ACTIVE",
            "subnet_ids": [
              "subnet-048ace5ecdffd367b",
              "subnet-06061a9ed44ea19ec",
              "subnet-0af9943b7e8647564"
            ],
            "tags": {
              "Name": "test-t3-medium",
              "k8s.io/cluster-autoscaler/enabled": "true",
              "k8s.io/cluster-autoscaler/node-template/resources/ephemeral-storage": "20Gi",
              "kubernetes.io/cluster/test": "owned"
            },
            "timeouts": null,
            "version": "1.17"
          },
          "private": "eyJlMmJmYjczMC1lY2FhLTExZTYtOGY4OC0zNDM2M2JjN2M0YzAiOnsiY3JlYXRlIjozNjAwMDAwMDAwMDAwLCJkZWxldGUiOjM2MDAwMDAwMDAwMDAsInVwZGF0ZSI6MzYwMDAwMDAwMDAwMH19",
          "dependencies": [
            "module.kubernetes.module.eks-nodes.aws_iam_role.workers",
            "module.kubernetes.module.eks-subnets.aws_subnet.private_subnets"
          ]
        }
      ]
    },
    {
      "module": "module.kubernetes.module.eks-cluster",
      "mode": "managed",
      "type": "aws_iam_openid_connect_provider",
      "name": "eks",
      "provider": "provider.aws",
      "instances": [
        {
          "schema_version": 0,
          "attributes": {
            "arn": "arn:aws:iam::567320100185:oidc-provider/oidc.eks.eu-west-1.amazonaws.com/id/A5A32BA2294771E05D92BA67C968B55F",
            "client_id_list": [
              "sts.amazonaws.com"
            ],
            "id": "arn:aws:iam::567320100185:oidc-provider/oidc.eks.eu-west-1.amazonaws.com/id/A5A32BA2294771E05D92BA67C968B55F",
            "thumbprint_list": [
              "9e99a48a9960b14926bb7f3b02e22da2b0ab7280"
            ],
            "url": "oidc.eks.eu-west-1.amazonaws.com/id/A5A32BA2294771E05D92BA67C968B55F"
          },
          "private": "bnVsbA==",
          "dependencies": [
            "module.kubernetes.module.eks-cluster.aws_eks_cluster.this",
            "module.kubernetes.module.eks-cluster.aws_iam_role.eks_cluster_role",
            "module.kubernetes.module.eks-subnets.aws_subnet.private_subnets"
          ]
        }
      ]
    },
    {
      "module": "module.kubernetes.module.eks-cluster",
      "mode": "managed",
      "type": "aws_iam_role",
      "name": "eks_cluster_role",
      "provider": "provider.aws",
      "instances": [
        {
          "schema_version": 0,
          "attributes": {
            "arn": "arn:aws:iam::567320100185:role/test-cluster-role",
            "assume_role_policy": "{\"Version\":\"2012-10-17\",\"Statement\":[{\"Effect\":\"Allow\",\"Principal\":{\"Service\":\"eks.amazonaws.com\"},\"Action\":\"sts:AssumeRole\"}]}",
            "create_date": "2020-09-30T15:08:35Z",
            "description": "",
            "force_detach_policies": false,
            "id": "test-cluster-role",
            "max_session_duration": 3600,
            "name": "test-cluster-role",
            "name_prefix": null,
            "path": "/",
            "permissions_boundary": null,
            "tags": {},
            "unique_id": "AROAYIFXJXVM63WKVXWK4"
          },
          "private": "bnVsbA=="
        }
      ]
    },
    {
      "module": "module.kubernetes.module.eks-nodes",
      "mode": "managed",
      "type": "aws_iam_role",
      "name": "workers",
      "provider": "provider.aws",
      "instances": [
        {
          "schema_version": 0,
          "attributes": {
            "arn": "arn:aws:iam::567320100185:role/test-workers",
            "assume_role_policy": "{\"Version\":\"2012-10-17\",\"Statement\":[{\"Effect\":\"Allow\",\"Principal\":{\"Service\":\"ec2.amazonaws.com\"},\"Action\":\"sts:AssumeRole\"}]}",
            "create_date": "2020-09-30T15:08:35Z",
            "description": "",
            "force_detach_policies": false,
            "id": "test-workers",
            "max_session_duration": 3600,
            "name": "test-workers",
            "name_prefix": null,
            "path": "/",
            "permissions_boundary": null,
            "tags": {},
            "unique_id": "AROAYIFXJXVMWY6WM3FLX"
          },
          "private": "bnVsbA=="
        }
      ]
    },
    {
      "module": "module.kubernetes.module.eks-nodes",
      "mode": "managed",
      "type": "aws_iam_role_policy_attachment",
      "name": "AmazonEC2ContainerRegistryReadOnly",
      "provider": "provider.aws",
      "instances": [
        {
          "schema_version": 0,
          "attributes": {
            "id": "test-workers-20200930150836349100000005",
            "policy_arn": "arn:aws:iam::aws:policy/AmazonEC2ContainerRegistryReadOnly",
            "role": "test-workers"
          },
          "private": "bnVsbA==",
          "dependencies": [
            "module.kubernetes.module.eks-nodes.aws_iam_role.workers"
          ]
        }
      ]
    },
    {
      "module": "module.kubernetes.module.eks-nodes",
      "mode": "managed",
      "type": "aws_iam_role_policy_attachment",
      "name": "AmazonEKSWorkerNodePolicy",
      "provider": "provider.aws",
      "instances": [
        {
          "schema_version": 0,
          "attributes": {
            "id": "test-workers-20200930150836323800000004",
            "policy_arn": "arn:aws:iam::aws:policy/AmazonEKSWorkerNodePolicy",
            "role": "test-workers"
          },
          "private": "bnVsbA==",
          "dependencies": [
            "module.kubernetes.module.eks-nodes.aws_iam_role.workers"
          ]
        }
      ]
    },
    {
      "module": "module.kubernetes.module.eks-nodes",
      "mode": "managed",
      "type": "aws_iam_role_policy_attachment",
      "name": "AmazonEKS_CNI_Policy",
      "provider": "provider.aws",
      "instances": [
        {
          "schema_version": 0,
          "attributes": {
            "id": "test-workers-20200930150836018900000003",
            "policy_arn": "arn:aws:iam::aws:policy/AmazonEKS_CNI_Policy",
            "role": "test-workers"
          },
          "private": "bnVsbA==",
          "dependencies": [
            "module.kubernetes.module.eks-nodes.aws_iam_role.workers"
          ]
        }
      ]
    },
    {
      "module": "module.kubernetes.module.eks-cluster",
      "mode": "managed",
      "type": "aws_iam_role_policy_attachment",
      "name": "eks_clusterrole_policy_attachment",
      "provider": "provider.aws",
      "instances": [
        {
          "schema_version": 0,
          "attributes": {
            "id": "test-cluster-role-20200930150835220400000001",
            "policy_arn": "arn:aws:iam::aws:policy/AmazonEKSClusterPolicy",
            "role": "test-cluster-role"
          },
          "private": "bnVsbA==",
          "dependencies": [
            "module.kubernetes.module.eks-cluster.aws_iam_role.eks_cluster_role"
          ]
        }
      ]
    },
    {
      "module": "module.kubernetes.module.eks-cluster",
      "mode": "managed",
      "type": "aws_iam_role_policy_attachment",
      "name": "eks_servicerole_policy_attachment",
      "provider": "provider.aws",
      "instances": [
        {
          "schema_version": 0,
          "attributes": {
            "id": "test-cluster-role-20200930150835232700000002",
            "policy_arn": "arn:aws:iam::aws:policy/AmazonEKSServicePolicy",
            "role": "test-cluster-role"
          },
          "private": "bnVsbA==",
          "dependencies": [
            "module.kubernetes.module.eks-cluster.aws_iam_role.eks_cluster_role"
          ]
        }
      ]
    },
    {
      "module": "module.kubernetes.module.eks-subnets",
      "mode": "managed",
      "type": "aws_nat_gateway",
      "name": "nat_gws",
      "each": "list",
      "provider": "provider.aws",
      "instances": [
        {
          "index_key": 0,
          "schema_version": 0,
          "attributes": {
            "allocation_id": "eipalloc-05a24fff276afea4a",
            "id": "nat-0a4bb81c3f0ebf464",
            "network_interface_id": "eni-0f6757497853ff59e",
            "private_ip": "192.168.13.102",
            "public_ip": "54.170.66.67",
            "subnet_id": "subnet-0b6ed2d27261c1d66",
            "tags": {
              "Developed": "Sergii Shapovalenko",
              "Environment": "test",
              "KubernetesCluster": "test",
              "Name": "EKS-NAT-test-eu-west-1a",
              "kubernetes.io/cluster/test": "shared"
            }
          },
          "private": "bnVsbA==",
          "dependencies": [
            "module.kubernetes.module.eks-subnets.aws_eip.nat_ips",
            "module.kubernetes.module.eks-subnets.aws_subnet.public_subnets"
          ]
        }
      ]
    },
    {
      "module": "module.kubernetes.module.eks-subnets",
      "mode": "managed",
      "type": "aws_route",
      "name": "default_gw_public_route",
      "provider": "provider.aws",
      "instances": [
        {
          "schema_version": 0,
          "attributes": {
            "destination_cidr_block": "0.0.0.0/0",
            "destination_ipv6_cidr_block": "",
            "destination_prefix_list_id": "",
            "egress_only_gateway_id": "",
            "gateway_id": "igw-01993a158597af38f",
            "id": "r-rtb-09488216c439d6f301080289494",
            "instance_id": "",
            "instance_owner_id": "",
            "local_gateway_id": "",
            "nat_gateway_id": "",
            "network_interface_id": "",
            "origin": "CreateRoute",
            "route_table_id": "rtb-09488216c439d6f30",
            "state": "active",
            "timeouts": {
              "create": "5m",
              "delete": null
            },
            "transit_gateway_id": "",
            "vpc_peering_connection_id": ""
          },
          "private": "eyJlMmJmYjczMC1lY2FhLTExZTYtOGY4OC0zNDM2M2JjN2M0YzAiOnsiY3JlYXRlIjozMDAwMDAwMDAwMDAsImRlbGV0ZSI6MzAwMDAwMDAwMDAwfX0=",
          "dependencies": [
            "module.kubernetes.module.eks-subnets.aws_route_table.public_route_table"
          ]
        }
      ]
    },
    {
      "module": "module.kubernetes.module.eks-subnets",
      "mode": "managed",
      "type": "aws_route",
      "name": "private_routes",
      "each": "list",
      "provider": "provider.aws",
      "instances": [
        {
          "index_key": 0,
          "schema_version": 0,
          "attributes": {
            "destination_cidr_block": "0.0.0.0/0",
            "destination_ipv6_cidr_block": "",
            "destination_prefix_list_id": "",
            "egress_only_gateway_id": "",
            "gateway_id": "",
            "id": "r-rtb-0380dd6f6f1c443581080289494",
            "instance_id": "",
            "instance_owner_id": "",
            "local_gateway_id": "",
            "nat_gateway_id": "nat-0a4bb81c3f0ebf464",
            "network_interface_id": "",
            "origin": "CreateRoute",
            "route_table_id": "rtb-0380dd6f6f1c44358",
            "state": "active",
            "timeouts": {
              "create": "5m",
              "delete": null
            },
            "transit_gateway_id": "",
            "vpc_peering_connection_id": ""
          },
          "private": "eyJlMmJmYjczMC1lY2FhLTExZTYtOGY4OC0zNDM2M2JjN2M0YzAiOnsiY3JlYXRlIjozMDAwMDAwMDAwMDAsImRlbGV0ZSI6MzAwMDAwMDAwMDAwfX0=",
          "dependencies": [
            "module.kubernetes.module.eks-subnets.aws_eip.nat_ips",
            "module.kubernetes.module.eks-subnets.aws_nat_gateway.nat_gws",
            "module.kubernetes.module.eks-subnets.aws_route_table.private_route_tables",
            "module.kubernetes.module.eks-subnets.aws_subnet.private_subnets",
            "module.kubernetes.module.eks-subnets.aws_subnet.public_subnets"
          ]
        },
        {
          "index_key": 1,
          "schema_version": 0,
          "attributes": {
            "destination_cidr_block": "0.0.0.0/0",
            "destination_ipv6_cidr_block": "",
            "destination_prefix_list_id": "",
            "egress_only_gateway_id": "",
            "gateway_id": "",
            "id": "r-rtb-037a8e7d97d8d9f041080289494",
            "instance_id": "",
            "instance_owner_id": "",
            "local_gateway_id": "",
            "nat_gateway_id": "nat-0a4bb81c3f0ebf464",
            "network_interface_id": "",
            "origin": "CreateRoute",
            "route_table_id": "rtb-037a8e7d97d8d9f04",
            "state": "active",
            "timeouts": {
              "create": "5m",
              "delete": null
            },
            "transit_gateway_id": "",
            "vpc_peering_connection_id": ""
          },
          "private": "eyJlMmJmYjczMC1lY2FhLTExZTYtOGY4OC0zNDM2M2JjN2M0YzAiOnsiY3JlYXRlIjozMDAwMDAwMDAwMDAsImRlbGV0ZSI6MzAwMDAwMDAwMDAwfX0=",
          "dependencies": [
            "module.kubernetes.module.eks-subnets.aws_eip.nat_ips",
            "module.kubernetes.module.eks-subnets.aws_nat_gateway.nat_gws",
            "module.kubernetes.module.eks-subnets.aws_route_table.private_route_tables",
            "module.kubernetes.module.eks-subnets.aws_subnet.private_subnets",
            "module.kubernetes.module.eks-subnets.aws_subnet.public_subnets"
          ]
        },
        {
          "index_key": 2,
          "schema_version": 0,
          "attributes": {
            "destination_cidr_block": "0.0.0.0/0",
            "destination_ipv6_cidr_block": "",
            "destination_prefix_list_id": "",
            "egress_only_gateway_id": "",
            "gateway_id": "",
            "id": "r-rtb-08e15d007e8b81e891080289494",
            "instance_id": "",
            "instance_owner_id": "",
            "local_gateway_id": "",
            "nat_gateway_id": "nat-0a4bb81c3f0ebf464",
            "network_interface_id": "",
            "origin": "CreateRoute",
            "route_table_id": "rtb-08e15d007e8b81e89",
            "state": "active",
            "timeouts": {
              "create": "5m",
              "delete": null
            },
            "transit_gateway_id": "",
            "vpc_peering_connection_id": ""
          },
          "private": "eyJlMmJmYjczMC1lY2FhLTExZTYtOGY4OC0zNDM2M2JjN2M0YzAiOnsiY3JlYXRlIjozMDAwMDAwMDAwMDAsImRlbGV0ZSI6MzAwMDAwMDAwMDAwfX0=",
          "dependencies": [
            "module.kubernetes.module.eks-subnets.aws_eip.nat_ips",
            "module.kubernetes.module.eks-subnets.aws_nat_gateway.nat_gws",
            "module.kubernetes.module.eks-subnets.aws_route_table.private_route_tables",
            "module.kubernetes.module.eks-subnets.aws_subnet.private_subnets",
            "module.kubernetes.module.eks-subnets.aws_subnet.public_subnets"
          ]
        }
      ]
    },
    {
      "module": "module.kubernetes.module.eks-subnets",
      "mode": "managed",
      "type": "aws_route_table",
      "name": "private_route_tables",
      "each": "list",
      "provider": "provider.aws",
      "instances": [
        {
          "index_key": 0,
          "schema_version": 0,
          "attributes": {
            "id": "rtb-0380dd6f6f1c44358",
            "owner_id": "567320100185",
            "propagating_vgws": [],
            "route": [
              {
                "cidr_block": "0.0.0.0/0",
                "egress_only_gateway_id": "",
                "gateway_id": "",
                "instance_id": "",
                "ipv6_cidr_block": "",
                "local_gateway_id": "",
                "nat_gateway_id": "nat-0a4bb81c3f0ebf464",
                "network_interface_id": "",
                "transit_gateway_id": "",
                "vpc_peering_connection_id": ""
              }
            ],
            "tags": {
              "Developed": "Sergii Shapovalenko",
              "Environment": "test",
              "KubernetesCluster": "test",
              "Name": "EKS-RT-test-private-eu-west-1a",
              "kubernetes.io/cluster/test": "shared"
            },
            "vpc_id": "vpc-0fa59c4ac2aa02283"
          },
          "private": "bnVsbA==",
          "dependencies": [
            "module.kubernetes.module.eks-subnets.aws_subnet.private_subnets"
          ]
        },
        {
          "index_key": 1,
          "schema_version": 0,
          "attributes": {
            "id": "rtb-037a8e7d97d8d9f04",
            "owner_id": "567320100185",
            "propagating_vgws": [],
            "route": [
              {
                "cidr_block": "0.0.0.0/0",
                "egress_only_gateway_id": "",
                "gateway_id": "",
                "instance_id": "",
                "ipv6_cidr_block": "",
                "local_gateway_id": "",
                "nat_gateway_id": "nat-0a4bb81c3f0ebf464",
                "network_interface_id": "",
                "transit_gateway_id": "",
                "vpc_peering_connection_id": ""
              }
            ],
            "tags": {
              "Developed": "Sergii Shapovalenko",
              "Environment": "test",
              "KubernetesCluster": "test",
              "Name": "EKS-RT-test-private-eu-west-1b",
              "kubernetes.io/cluster/test": "shared"
            },
            "vpc_id": "vpc-0fa59c4ac2aa02283"
          },
          "private": "bnVsbA==",
          "dependencies": [
            "module.kubernetes.module.eks-subnets.aws_subnet.private_subnets"
          ]
        },
        {
          "index_key": 2,
          "schema_version": 0,
          "attributes": {
            "id": "rtb-08e15d007e8b81e89",
            "owner_id": "567320100185",
            "propagating_vgws": [],
            "route": [
              {
                "cidr_block": "0.0.0.0/0",
                "egress_only_gateway_id": "",
                "gateway_id": "",
                "instance_id": "",
                "ipv6_cidr_block": "",
                "local_gateway_id": "",
                "nat_gateway_id": "nat-0a4bb81c3f0ebf464",
                "network_interface_id": "",
                "transit_gateway_id": "",
                "vpc_peering_connection_id": ""
              }
            ],
            "tags": {
              "Developed": "Sergii Shapovalenko",
              "Environment": "test",
              "KubernetesCluster": "test",
              "Name": "EKS-RT-test-private-eu-west-1c",
              "kubernetes.io/cluster/test": "shared"
            },
            "vpc_id": "vpc-0fa59c4ac2aa02283"
          },
          "private": "bnVsbA==",
          "dependencies": [
            "module.kubernetes.module.eks-subnets.aws_subnet.private_subnets"
          ]
        }
      ]
    },
    {
      "module": "module.kubernetes.module.eks-subnets",
      "mode": "managed",
      "type": "aws_route_table",
      "name": "public_route_table",
      "provider": "provider.aws",
      "instances": [
        {
          "schema_version": 0,
          "attributes": {
            "id": "rtb-09488216c439d6f30",
            "owner_id": "567320100185",
            "propagating_vgws": [],
            "route": [
              {
                "cidr_block": "0.0.0.0/0",
                "egress_only_gateway_id": "",
                "gateway_id": "igw-01993a158597af38f",
                "instance_id": "",
                "ipv6_cidr_block": "",
                "local_gateway_id": "",
                "nat_gateway_id": "",
                "network_interface_id": "",
                "transit_gateway_id": "",
                "vpc_peering_connection_id": ""
              }
            ],
            "tags": {
              "Developed": "Sergii Shapovalenko",
              "Environment": "test",
              "Name": "EKS-RT-test-public"
            },
            "vpc_id": "vpc-0fa59c4ac2aa02283"
          },
          "private": "bnVsbA=="
        }
      ]
    },
    {
      "module": "module.kubernetes.module.eks-subnets",
      "mode": "managed",
      "type": "aws_route_table_association",
      "name": "private_rt_association",
      "each": "list",
      "provider": "provider.aws",
      "instances": [
        {
          "index_key": 0,
          "schema_version": 0,
          "attributes": {
            "gateway_id": null,
            "id": "rtbassoc-012857dd82b0bd765",
            "route_table_id": "rtb-0380dd6f6f1c44358",
            "subnet_id": "subnet-0af9943b7e8647564"
          },
          "private": "bnVsbA==",
          "dependencies": [
            "module.kubernetes.module.eks-subnets.aws_route_table.private_route_tables",
            "module.kubernetes.module.eks-subnets.aws_subnet.private_subnets"
          ]
        },
        {
          "index_key": 1,
          "schema_version": 0,
          "attributes": {
            "gateway_id": null,
            "id": "rtbassoc-06578c7373ff015e1",
            "route_table_id": "rtb-037a8e7d97d8d9f04",
            "subnet_id": "subnet-06061a9ed44ea19ec"
          },
          "private": "bnVsbA==",
          "dependencies": [
            "module.kubernetes.module.eks-subnets.aws_route_table.private_route_tables",
            "module.kubernetes.module.eks-subnets.aws_subnet.private_subnets"
          ]
        },
        {
          "index_key": 2,
          "schema_version": 0,
          "attributes": {
            "gateway_id": null,
            "id": "rtbassoc-0f5ca6f47050bda63",
            "route_table_id": "rtb-08e15d007e8b81e89",
            "subnet_id": "subnet-048ace5ecdffd367b"
          },
          "private": "bnVsbA==",
          "dependencies": [
            "module.kubernetes.module.eks-subnets.aws_route_table.private_route_tables",
            "module.kubernetes.module.eks-subnets.aws_subnet.private_subnets"
          ]
        }
      ]
    },
    {
      "module": "module.kubernetes.module.eks-subnets",
      "mode": "managed",
      "type": "aws_route_table_association",
      "name": "public_rt_association",
      "each": "list",
      "provider": "provider.aws",
      "instances": [
        {
          "index_key": 0,
          "schema_version": 0,
          "attributes": {
            "gateway_id": null,
            "id": "rtbassoc-0aaa908ec6e9eeb80",
            "route_table_id": "rtb-09488216c439d6f30",
            "subnet_id": "subnet-0b6ed2d27261c1d66"
          },
          "private": "bnVsbA==",
          "dependencies": [
            "module.kubernetes.module.eks-subnets.aws_route_table.public_route_table",
            "module.kubernetes.module.eks-subnets.aws_subnet.public_subnets"
          ]
        },
        {
          "index_key": 1,
          "schema_version": 0,
          "attributes": {
            "gateway_id": null,
            "id": "rtbassoc-04e1e2a8afbbe104a",
            "route_table_id": "rtb-09488216c439d6f30",
            "subnet_id": "subnet-0f5cb1ca92db3cc5f"
          },
          "private": "bnVsbA==",
          "dependencies": [
            "module.kubernetes.module.eks-subnets.aws_route_table.public_route_table",
            "module.kubernetes.module.eks-subnets.aws_subnet.public_subnets"
          ]
        },
        {
          "index_key": 2,
          "schema_version": 0,
          "attributes": {
            "gateway_id": null,
            "id": "rtbassoc-0e800420306f5feb8",
            "route_table_id": "rtb-09488216c439d6f30",
            "subnet_id": "subnet-0a52a5e24fdffe978"
          },
          "private": "bnVsbA==",
          "dependencies": [
            "module.kubernetes.module.eks-subnets.aws_route_table.public_route_table",
            "module.kubernetes.module.eks-subnets.aws_subnet.public_subnets"
          ]
        }
      ]
    },
    {
      "module": "module.kubernetes.module.eks-cluster",
      "mode": "managed",
      "type": "aws_security_group",
      "name": "eks_cluster_sg",
      "provider": "provider.aws",
      "instances": [
        {
          "schema_version": 1,
          "attributes": {
            "arn": "arn:aws:ec2:eu-west-1:567320100185:security-group/sg-0de01519f4397ddd6",
            "description": "EKS cluster Security group",
            "egress": [],
            "id": "sg-0de01519f4397ddd6",
            "ingress": [
              {
                "cidr_blocks": [
                  "0.0.0.0/0"
                ],
                "description": "Allow  access to API from additional subnets",
                "from_port": 443,
                "ipv6_cidr_blocks": [],
                "prefix_list_ids": [],
                "protocol": "tcp",
                "security_groups": [],
                "self": false,
                "to_port": 443
              }
            ],
            "name": "test-cluster",
            "name_prefix": "",
            "owner_id": "567320100185",
            "revoke_rules_on_delete": false,
            "tags": {},
            "timeouts": null,
            "vpc_id": "vpc-0fa59c4ac2aa02283"
          },
          "private": "eyJlMmJmYjczMC1lY2FhLTExZTYtOGY4OC0zNDM2M2JjN2M0YzAiOnsiY3JlYXRlIjo2MDAwMDAwMDAwMDAsImRlbGV0ZSI6NjAwMDAwMDAwMDAwfSwic2NoZW1hX3ZlcnNpb24iOiIxIn0="
        }
      ]
    },
    {
      "module": "module.kubernetes.module.eks-cluster",
      "mode": "managed",
      "type": "aws_security_group_rule",
      "name": "allow_from_subnets",
      "each": "list",
      "provider": "provider.aws",
      "instances": [
        {
          "index_key": 0,
          "schema_version": 2,
          "attributes": {
            "cidr_blocks": [
              "0.0.0.0/0"
            ],
            "description": "Allow  access to API from additional subnets",
            "from_port": 443,
            "id": "sgrule-3868570598",
            "ipv6_cidr_blocks": [],
            "prefix_list_ids": [],
            "protocol": "tcp",
            "security_group_id": "sg-0de01519f4397ddd6",
            "self": false,
            "source_security_group_id": null,
            "to_port": 443,
            "type": "ingress"
          },
          "private": "eyJzY2hlbWFfdmVyc2lvbiI6IjIifQ==",
          "dependencies": [
            "module.kubernetes.module.eks-cluster.aws_security_group.eks_cluster_sg"
          ]
        }
      ]
    },
    {
      "module": "module.kubernetes.module.eks-subnets",
      "mode": "managed",
      "type": "aws_subnet",
      "name": "private_subnets",
      "each": "list",
      "provider": "provider.aws",
      "instances": [
        {
          "index_key": 0,
          "schema_version": 1,
          "attributes": {
            "arn": "arn:aws:ec2:eu-west-1:567320100185:subnet/subnet-0af9943b7e8647564",
            "assign_ipv6_address_on_creation": false,
            "availability_zone": "eu-west-1a",
            "availability_zone_id": "euw1-az3",
            "cidr_block": "192.168.10.0/24",
            "id": "subnet-0af9943b7e8647564",
            "ipv6_cidr_block": "",
            "ipv6_cidr_block_association_id": "",
            "map_public_ip_on_launch": false,
            "outpost_arn": "",
            "owner_id": "567320100185",
            "tags": {
              "Developed": "Sergii Shapovalenko",
              "Environment": "test",
              "KubernetesCluster": "test",
              "Name": "EKS-private-test-eu-west-1a",
              "kubernetes.io/cluster/test": "shared"
            },
            "timeouts": null,
            "vpc_id": "vpc-0fa59c4ac2aa02283"
          },
          "private": "eyJlMmJmYjczMC1lY2FhLTExZTYtOGY4OC0zNDM2M2JjN2M0YzAiOnsiY3JlYXRlIjo2MDAwMDAwMDAwMDAsImRlbGV0ZSI6MTIwMDAwMDAwMDAwMH0sInNjaGVtYV92ZXJzaW9uIjoiMSJ9"
        },
        {
          "index_key": 1,
          "schema_version": 1,
          "attributes": {
            "arn": "arn:aws:ec2:eu-west-1:567320100185:subnet/subnet-06061a9ed44ea19ec",
            "assign_ipv6_address_on_creation": false,
            "availability_zone": "eu-west-1b",
            "availability_zone_id": "euw1-az1",
            "cidr_block": "192.168.11.0/24",
            "id": "subnet-06061a9ed44ea19ec",
            "ipv6_cidr_block": "",
            "ipv6_cidr_block_association_id": "",
            "map_public_ip_on_launch": false,
            "outpost_arn": "",
            "owner_id": "567320100185",
            "tags": {
              "Developed": "Sergii Shapovalenko",
              "Environment": "test",
              "KubernetesCluster": "test",
              "Name": "EKS-private-test-eu-west-1b",
              "kubernetes.io/cluster/test": "shared"
            },
            "timeouts": null,
            "vpc_id": "vpc-0fa59c4ac2aa02283"
          },
          "private": "eyJlMmJmYjczMC1lY2FhLTExZTYtOGY4OC0zNDM2M2JjN2M0YzAiOnsiY3JlYXRlIjo2MDAwMDAwMDAwMDAsImRlbGV0ZSI6MTIwMDAwMDAwMDAwMH0sInNjaGVtYV92ZXJzaW9uIjoiMSJ9"
        },
        {
          "index_key": 2,
          "schema_version": 1,
          "attributes": {
            "arn": "arn:aws:ec2:eu-west-1:567320100185:subnet/subnet-048ace5ecdffd367b",
            "assign_ipv6_address_on_creation": false,
            "availability_zone": "eu-west-1c",
            "availability_zone_id": "euw1-az2",
            "cidr_block": "192.168.12.0/24",
            "id": "subnet-048ace5ecdffd367b",
            "ipv6_cidr_block": "",
            "ipv6_cidr_block_association_id": "",
            "map_public_ip_on_launch": false,
            "outpost_arn": "",
            "owner_id": "567320100185",
            "tags": {
              "Developed": "Sergii Shapovalenko",
              "Environment": "test",
              "KubernetesCluster": "test",
              "Name": "EKS-private-test-eu-west-1c",
              "kubernetes.io/cluster/test": "shared"
            },
            "timeouts": null,
            "vpc_id": "vpc-0fa59c4ac2aa02283"
          },
          "private": "eyJlMmJmYjczMC1lY2FhLTExZTYtOGY4OC0zNDM2M2JjN2M0YzAiOnsiY3JlYXRlIjo2MDAwMDAwMDAwMDAsImRlbGV0ZSI6MTIwMDAwMDAwMDAwMH0sInNjaGVtYV92ZXJzaW9uIjoiMSJ9"
        }
      ]
    },
    {
      "module": "module.kubernetes.module.eks-subnets",
      "mode": "managed",
      "type": "aws_subnet",
      "name": "public_subnets",
      "each": "list",
      "provider": "provider.aws",
      "instances": [
        {
          "index_key": 0,
          "schema_version": 1,
          "attributes": {
            "arn": "arn:aws:ec2:eu-west-1:567320100185:subnet/subnet-0b6ed2d27261c1d66",
            "assign_ipv6_address_on_creation": false,
            "availability_zone": "eu-west-1a",
            "availability_zone_id": "euw1-az3",
            "cidr_block": "192.168.13.0/24",
            "id": "subnet-0b6ed2d27261c1d66",
            "ipv6_cidr_block": "",
            "ipv6_cidr_block_association_id": "",
            "map_public_ip_on_launch": false,
            "outpost_arn": "",
            "owner_id": "567320100185",
            "tags": {
              "Developed": "Sergii Shapovalenko",
              "Environment": "test",
              "KubernetesCluster": "test",
              "Name": "EKS-public-test-eu-west-1a",
              "kubernetes.io/cluster/test": "shared"
            },
            "timeouts": null,
            "vpc_id": "vpc-0fa59c4ac2aa02283"
          },
          "private": "eyJlMmJmYjczMC1lY2FhLTExZTYtOGY4OC0zNDM2M2JjN2M0YzAiOnsiY3JlYXRlIjo2MDAwMDAwMDAwMDAsImRlbGV0ZSI6MTIwMDAwMDAwMDAwMH0sInNjaGVtYV92ZXJzaW9uIjoiMSJ9"
        },
        {
          "index_key": 1,
          "schema_version": 1,
          "attributes": {
            "arn": "arn:aws:ec2:eu-west-1:567320100185:subnet/subnet-0f5cb1ca92db3cc5f",
            "assign_ipv6_address_on_creation": false,
            "availability_zone": "eu-west-1b",
            "availability_zone_id": "euw1-az1",
            "cidr_block": "192.168.14.0/24",
            "id": "subnet-0f5cb1ca92db3cc5f",
            "ipv6_cidr_block": "",
            "ipv6_cidr_block_association_id": "",
            "map_public_ip_on_launch": false,
            "outpost_arn": "",
            "owner_id": "567320100185",
            "tags": {
              "Developed": "Sergii Shapovalenko",
              "Environment": "test",
              "KubernetesCluster": "test",
              "Name": "EKS-public-test-eu-west-1b",
              "kubernetes.io/cluster/test": "shared"
            },
            "timeouts": null,
            "vpc_id": "vpc-0fa59c4ac2aa02283"
          },
          "private": "eyJlMmJmYjczMC1lY2FhLTExZTYtOGY4OC0zNDM2M2JjN2M0YzAiOnsiY3JlYXRlIjo2MDAwMDAwMDAwMDAsImRlbGV0ZSI6MTIwMDAwMDAwMDAwMH0sInNjaGVtYV92ZXJzaW9uIjoiMSJ9"
        },
        {
          "index_key": 2,
          "schema_version": 1,
          "attributes": {
            "arn": "arn:aws:ec2:eu-west-1:567320100185:subnet/subnet-0a52a5e24fdffe978",
            "assign_ipv6_address_on_creation": false,
            "availability_zone": "eu-west-1c",
            "availability_zone_id": "euw1-az2",
            "cidr_block": "192.168.15.0/24",
            "id": "subnet-0a52a5e24fdffe978",
            "ipv6_cidr_block": "",
            "ipv6_cidr_block_association_id": "",
            "map_public_ip_on_launch": false,
            "outpost_arn": "",
            "owner_id": "567320100185",
            "tags": {
              "Developed": "Sergii Shapovalenko",
              "Environment": "test",
              "KubernetesCluster": "test",
              "Name": "EKS-public-test-eu-west-1c",
              "kubernetes.io/cluster/test": "shared"
            },
            "timeouts": null,
            "vpc_id": "vpc-0fa59c4ac2aa02283"
          },
          "private": "eyJlMmJmYjczMC1lY2FhLTExZTYtOGY4OC0zNDM2M2JjN2M0YzAiOnsiY3JlYXRlIjo2MDAwMDAwMDAwMDAsImRlbGV0ZSI6MTIwMDAwMDAwMDAwMH0sInNjaGVtYV92ZXJzaW9uIjoiMSJ9"
        }
      ]
    }
  ]
}
